
Microsoft Visual Studio Solution File, Format Version 12.00
# Visual Studio Version 17
VisualStudioVersion = 17.3.32901.215
MinimumVisualStudioVersion = 10.0.40219.1
Project("{FAE04EC0-301F-11D3-BF4B-00C04F79EFBC}") = "ConsoleMarcus", "ConsoleMarcus\ConsoleMarcus.csproj", "{FAE95BAA-BB10-4756-88FA-09657C717632}"
EndProject
Global
	GlobalSection(SolutionConfigurationPlatforms) = preSolution
		Debug|Any CPU = Debug|Any CPU
		Release|Any CPU = Release|Any CPU
	EndGlobalSection
	GlobalSection(ProjectConfigurationPlatforms) = postSolution
		{FAE95BAA-BB10-4756-88FA-09657C717632}.Debug|Any CPU.ActiveCfg = Debug|Any CPU
		{FAE95BAA-BB10-4756-88FA-09657C717632}.Debug|Any CPU.Build.0 = Debug|Any CPU
		{FAE95BAA-BB10-4756-88FA-09657C717632}.Release|Any CPU.ActiveCfg = Release|Any CPU
		{FAE95BAA-BB10-4756-88FA-09657C717632}.Release|Any CPU.Build.0 = Release|Any CPU
	EndGlobalSection
	GlobalSection(SolutionProperties) = preSolution
		HideSolutionNode = FALSE
	EndGlobalSection
	GlobalSection(ExtensibilityGlobals) = postSolution
		SolutionGuid = {DA2E6C96-4EAD-4D29-96F5-070B684B3EF9}
	EndGlobalSection
EndGlobal
